
Microsoft Visual Studio Solution File, Format Version 12.00
# Visual Studio 15
VisualStudioVersion = 15.0.28010.2026
MinimumVisualStudioVersion = 10.0.40219.1
Project("{9A19103F-16F7-4668-BE54-9A1E7A4F7556}") = "DutchTreatFinal", "DutchTreatFinal\DutchTreatFinal.csproj", "{0403CB21-2E11-4B82-9CE3-C3CCFBE5D9F5}"
EndProject
Global
	GlobalSection(SolutionConfigurationPlatforms) = preSolution
		Debug|Any CPU = Debug|Any CPU
		Release|Any CPU = Release|Any CPU
	EndGlobalSection
	GlobalSection(ProjectConfigurationPlatforms) = postSolution
		{0403CB21-2E11-4B82-9CE3-C3CCFBE5D9F5}.Debug|Any CPU.ActiveCfg = Debug|Any CPU
		{0403CB21-2E11-4B82-9CE3-C3CCFBE5D9F5}.Debug|Any CPU.Build.0 = Debug|Any CPU
		{0403CB21-2E11-4B82-9CE3-C3CCFBE5D9F5}.Release|Any CPU.ActiveCfg = Release|Any CPU
		{0403CB21-2E11-4B82-9CE3-C3CCFBE5D9F5}.Release|Any CPU.Build.0 = Release|Any CPU
	EndGlobalSection
	GlobalSection(SolutionProperties) = preSolution
		HideSolutionNode = FALSE
	EndGlobalSection
	GlobalSection(ExtensibilityGlobals) = postSolution
		SolutionGuid = {8A6CE2B5-7D95-4853-A52C-2D2CDC513E54}
	EndGlobalSection
EndGlobal
